
Microsoft Visual Studio Solution File, Format Version 12.00
# Visual Studio Version 17
VisualStudioVersion = 17.11.35327.3
MinimumVisualStudioVersion = 10.0.40219.1
Project("{FAE04EC0-301F-11D3-BF4B-00C04F79EFBC}") = "MaH.IOC", "src\MaH.IOC\MaH.IOC.csproj", "{53B8F93A-2319-40AB-8023-1525912FAFC0}"
EndProject
Project("{2150E333-8FDC-42A3-9474-1A3956D46DE8}") = "src", "src", "{04131547-6932-42BE-972D-A1B9C9DE65B0}"
EndProject
Project("{2150E333-8FDC-42A3-9474-1A3956D46DE8}") = "Solution Items", "Solution Items", "{BF63B688-D4A6-4E56-A6FB-A140C0A1CCF4}"
	ProjectSection(SolutionItems) = preProject
		README.md = README.md
	EndProjectSection
EndProject
Project("{2150E333-8FDC-42A3-9474-1A3956D46DE8}") = "test", "test", "{F9AF1A89-411F-4AF8-8E9C-551232F5CB2C}"
EndProject
Project("{FAE04EC0-301F-11D3-BF4B-00C04F79EFBC}") = "MaH.IOC.Tests", "test\MaH.IOC.Tests\MaH.IOC.Tests.csproj", "{CD358EC1-29DD-4BE2-893C-C6D72FCEF34B}"
EndProject
Global
	GlobalSection(SolutionConfigurationPlatforms) = preSolution
		Debug|Any CPU = Debug|Any CPU
		Release|Any CPU = Release|Any CPU
	EndGlobalSection
	GlobalSection(ProjectConfigurationPlatforms) = postSolution
		{53B8F93A-2319-40AB-8023-1525912FAFC0}.Debug|Any CPU.ActiveCfg = Debug|Any CPU
		{53B8F93A-2319-40AB-8023-1525912FAFC0}.Debug|Any CPU.Build.0 = Debug|Any CPU
		{53B8F93A-2319-40AB-8023-1525912FAFC0}.Release|Any CPU.ActiveCfg = Release|Any CPU
		{53B8F93A-2319-40AB-8023-1525912FAFC0}.Release|Any CPU.Build.0 = Release|Any CPU
		{CD358EC1-29DD-4BE2-893C-C6D72FCEF34B}.Debug|Any CPU.ActiveCfg = Debug|Any CPU
		{CD358EC1-29DD-4BE2-893C-C6D72FCEF34B}.Debug|Any CPU.Build.0 = Debug|Any CPU
		{CD358EC1-29DD-4BE2-893C-C6D72FCEF34B}.Release|Any CPU.ActiveCfg = Release|Any CPU
		{CD358EC1-29DD-4BE2-893C-C6D72FCEF34B}.Release|Any CPU.Build.0 = Release|Any CPU
	EndGlobalSection
	GlobalSection(SolutionProperties) = preSolution
		HideSolutionNode = FALSE
	EndGlobalSection
	GlobalSection(NestedProjects) = preSolution
		{53B8F93A-2319-40AB-8023-1525912FAFC0} = {04131547-6932-42BE-972D-A1B9C9DE65B0}
		{CD358EC1-29DD-4BE2-893C-C6D72FCEF34B} = {F9AF1A89-411F-4AF8-8E9C-551232F5CB2C}
	EndGlobalSection
	GlobalSection(ExtensibilityGlobals) = postSolution
		SolutionGuid = {A59CB569-E7B0-4B4F-9F2F-C2CAED7BA591}
	EndGlobalSection
EndGlobal
